{
  "name": "type-fast",
  "version": "1.0.0",
  "lockfileVersion": 1,
  "requires": true,
  "dependencies": {
    "dotenv": {
      "version": "6.2.0",
      "resolved": "https://registry.npmjs.org/dotenv/-/dotenv-6.2.0.tgz",
      "integrity": "sha512-HygQCKUBSFl8wKQZBSemMywRWcEDNidvNbjGVyZu3nbZ8qq9ubiPoGLMdRDpfSrpkkm9BXYFkpKxxFX38o/76w=="
    },
    "easytimer.js": {
      "version": "3.0.1",
      "resolved": "https://registry.npmjs.org/easytimer.js/-/easytimer.js-3.0.1.tgz",
      "integrity": "sha512-vATrNn45VMQ1rNA2akLH+DhchPwQWZjjsTEcRq9kyYICE9FILM8DHgbYvqzLx/PytW05REeDjXDIFFCP+Hobwg=="
    },
    "uniq": {
      "version": "1.0.1",
      "resolved": "https://registry.npmjs.org/uniq/-/uniq-1.0.1.tgz",
      "integrity": "sha1-sxxa6CVIRKOoKBVBzisEuGWnNP8="
    }
  }
}
